// !$*UTF8*$!
{
	archiveVersion = 1;
	classes = {
	};
	objectVersion = 54;
	objects = {

/* Begin PBXBuildFile section */
		018E3906697A465CACA02387 /* UserNotificationsUI.framework in Frameworks */ = {isa = PBXBuildFile; fileRef = 5FEE6161A5DF4598BBCD647C /* UserNotificationsUI.framework */; };
		062B4414896E8D61B254D219 /* ExpoModulesProvider.swift in Sources */ = {isa = PBXBuildFile; fileRef = 5AB91651A1426AAD19A60E1F /* ExpoModulesProvider.swift */; };
		07CAE1CD8EEE41E5AEE51783 /* noop-file.swift in Sources */ = {isa = PBXBuildFile; fileRef = 3C118834A0C240C88A526CBE /* noop-file.swift */; };
		0D3C72C3AFB694638A5339E5 /* libPods-SmartTechExpoDemo-SmartechNSE.a in Frameworks */ = {isa = PBXBuildFile; fileRef = 2ED5D4E8CF4781EC910098C0 /* libPods-SmartTechExpoDemo-SmartechNSE.a */; };
		0D4D7578EC9147C7BCD4E598 /* NotificationViewController.m in Sources */ = {isa = PBXBuildFile; fileRef = E6F6697DF6F547BA82339672 /* NotificationViewController.m */; };
		13B07FBC1A68108700A75B9A /* AppDelegate.mm in Sources */ = {isa = PBXBuildFile; fileRef = 13B07FB01A68108700A75B9A /* AppDelegate.mm */; };
		13B07FBF1A68108700A75B9A /* Images.xcassets in Resources */ = {isa = PBXBuildFile; fileRef = 13B07FB51A68108700A75B9A /* Images.xcassets */; };
		13B07FC11A68108700A75B9A /* main.m in Sources */ = {isa = PBXBuildFile; fileRef = 13B07FB71A68108700A75B9A /* main.m */; };
		14385063AD0146C0AE63D8F4 /* SmartechNCE.appex in Copy Files */ = {isa = PBXBuildFile; fileRef = FA5E032510BE4197B0C29694 /* SmartechNCE.appex */; };
		220CA6D2713D7AA204EC279F /* libPods-SmartTechExpoDemo.a in Frameworks */ = {isa = PBXBuildFile; fileRef = FA9975B6F6D58CC3D7F465BA /* libPods-SmartTechExpoDemo.a */; };
		3B9B6E1DFAB955D03066D69C /* ExpoModulesProvider.swift in Sources */ = {isa = PBXBuildFile; fileRef = 128F0CFF46C88AC61737D6D8 /* ExpoModulesProvider.swift */; };
		3E461D99554A48A4959DE609 /* SplashScreen.storyboard in Resources */ = {isa = PBXBuildFile; fileRef = AA286B85B6C04FC6940260E9 /* SplashScreen.storyboard */; };
		7A6D13D6FFDDE8C67E1F2CA2 /* libPods-SmartTechExpoDemo-SmartechNCE.a in Frameworks */ = {isa = PBXBuildFile; fileRef = F15C440ABE0B280866E91B86 /* libPods-SmartTechExpoDemo-SmartechNCE.a */; };
		A48F2111BB2F48AB89FED37D /* NotificationService.m in Sources */ = {isa = PBXBuildFile; fileRef = B6BBBF8E1F6844AB97C59702 /* NotificationService.m */; };
		B18059E884C0ABDD17F3DC3D /* ExpoModulesProvider.swift in Sources */ = {isa = PBXBuildFile; fileRef = FAC715A2D49A985799AEE119 /* ExpoModulesProvider.swift */; };
		BB2F792D24A3F905000567C9 /* Expo.plist in Resources */ = {isa = PBXBuildFile; fileRef = BB2F792C24A3F905000567C9 /* Expo.plist */; };
		C0B9154CA2AA46AF81F5D72F /* UserNotifications.framework in Frameworks */ = {isa = PBXBuildFile; fileRef = CC6C4AE3A28043178D7954E8 /* UserNotifications.framework */; };
		C4D32C4A359E4C51BDC93D3B /* MainInterface.storyboard in Resources */ = {isa = PBXBuildFile; fileRef = 3D7CAE802C29476E93BC868D /* MainInterface.storyboard */; };
		FF5264B24FDA41B78CA0CA25 /* SmartechNSE.appex in Copy Files */ = {isa = PBXBuildFile; fileRef = 099C5D6DE9514E93B7D8377B /* SmartechNSE.appex */; };
/* End PBXBuildFile section */

/* Begin PBXContainerItemProxy section */
		1EE8A88B23A749E3A3EE92A9 /* PBXContainerItemProxy */ = {
			isa = PBXContainerItemProxy;
			containerPortal = 83CBB9F71A601CBA00E9B192 /* Project object */;
			proxyType = 1;
			remoteGlobalIDString = 33FB446DD4A14456AC3A6D11;
			remoteInfo = SmartechNCE;
		};
		6847DEC6BEAF4BD28BEB3110 /* PBXContainerItemProxy */ = {
			isa = PBXContainerItemProxy;
			containerPortal = 83CBB9F71A601CBA00E9B192 /* Project object */;
			proxyType = 1;
			remoteGlobalIDString = D6DD60BD01FE4D498D8F256C;
			remoteInfo = SmartechNSE;
		};
/* End PBXContainerItemProxy section */

/* Begin PBXCopyFilesBuildPhase section */
		FC35301521B74BB785A5CE2B /* Copy Files */ = {
			isa = PBXCopyFilesBuildPhase;
			buildActionMask = 2147483647;
			dstPath = "";
			dstSubfolderSpec = 13;
			files = (
				FF5264B24FDA41B78CA0CA25 /* SmartechNSE.appex in Copy Files */,
				14385063AD0146C0AE63D8F4 /* SmartechNCE.appex in Copy Files */,
			);
			name = "Copy Files";
			runOnlyForDeploymentPostprocessing = 0;
		};
/* End PBXCopyFilesBuildPhase section */

/* Begin PBXFileReference section */
		008F07F21AC5B25A0029DE68 /* main.jsbundle */ = {isa = PBXFileReference; fileEncoding = 4; lastKnownFileType = text; path = main.jsbundle; sourceTree = "<group>"; };
		099C5D6DE9514E93B7D8377B /* SmartechNSE.appex */ = {isa = PBXFileReference; explicitFileType = "wrapper.app-extension"; fileEncoding = 9; includeInIndex = 0; path = SmartechNSE.appex; sourceTree = BUILT_PRODUCTS_DIR; };
		128F0CFF46C88AC61737D6D8 /* ExpoModulesProvider.swift */ = {isa = PBXFileReference; includeInIndex = 1; lastKnownFileType = sourcecode.swift; name = ExpoModulesProvider.swift; path = "Pods/Target Support Files/Pods-SmartTechExpoDemo-SmartechNCE/ExpoModulesProvider.swift"; sourceTree = "<group>"; };
		13B07F961A680F5B00A75B9A /* SmartTechExpoDemo.app */ = {isa = PBXFileReference; explicitFileType = wrapper.application; includeInIndex = 0; path = SmartTechExpoDemo.app; sourceTree = BUILT_PRODUCTS_DIR; };
		13B07FAF1A68108700A75B9A /* AppDelegate.h */ = {isa = PBXFileReference; fileEncoding = 4; lastKnownFileType = sourcecode.c.h; name = AppDelegate.h; path = SmartTechExpoDemo/AppDelegate.h; sourceTree = "<group>"; };
		13B07FB01A68108700A75B9A /* AppDelegate.mm */ = {isa = PBXFileReference; fileEncoding = 4; lastKnownFileType = sourcecode.cpp.objcpp; name = AppDelegate.mm; path = SmartTechExpoDemo/AppDelegate.mm; sourceTree = "<group>"; };
		13B07FB51A68108700A75B9A /* Images.xcassets */ = {isa = PBXFileReference; lastKnownFileType = folder.assetcatalog; name = Images.xcassets; path = SmartTechExpoDemo/Images.xcassets; sourceTree = "<group>"; };
		13B07FB61A68108700A75B9A /* Info.plist */ = {isa = PBXFileReference; fileEncoding = 4; lastKnownFileType = text.plist.xml; name = Info.plist; path = SmartTechExpoDemo/Info.plist; sourceTree = "<group>"; };
		13B07FB71A68108700A75B9A /* main.m */ = {isa = PBXFileReference; fileEncoding = 4; lastKnownFileType = sourcecode.c.objc; name = main.m; path = SmartTechExpoDemo/main.m; sourceTree = "<group>"; };
		2ED5D4E8CF4781EC910098C0 /* libPods-SmartTechExpoDemo-SmartechNSE.a */ = {isa = PBXFileReference; explicitFileType = archive.ar; includeInIndex = 0; path = "libPods-SmartTechExpoDemo-SmartechNSE.a"; sourceTree = BUILT_PRODUCTS_DIR; };
		3C118834A0C240C88A526CBE /* noop-file.swift */ = {isa = PBXFileReference; explicitFileType = undefined; fileEncoding = 4; includeInIndex = 0; lastKnownFileType = sourcecode.swift; name = "noop-file.swift"; path = "SmartTechExpoDemo/noop-file.swift"; sourceTree = "<group>"; };
		3D7CAE802C29476E93BC868D /* MainInterface.storyboard */ = {isa = PBXFileReference; explicitFileType = undefined; fileEncoding = 9; includeInIndex = 0; lastKnownFileType = unknown; name = MainInterface.storyboard; path = Base.lproj/MainInterface.storyboard; sourceTree = "<group>"; };
		449A7DACDA9644EFA50B3E10 /* SmartechNCE.entitlements */ = {isa = PBXFileReference; explicitFileType = undefined; fileEncoding = 9; includeInIndex = 0; lastKnownFileType = unknown; path = SmartechNCE.entitlements; sourceTree = "<group>"; };
		5AB91651A1426AAD19A60E1F /* ExpoModulesProvider.swift */ = {isa = PBXFileReference; includeInIndex = 1; lastKnownFileType = sourcecode.swift; name = ExpoModulesProvider.swift; path = "Pods/Target Support Files/Pods-SmartTechExpoDemo-SmartechNSE/ExpoModulesProvider.swift"; sourceTree = "<group>"; };
		5FEE6161A5DF4598BBCD647C /* UserNotificationsUI.framework */ = {isa = PBXFileReference; explicitFileType = undefined; fileEncoding = 9; includeInIndex = 0; lastKnownFileType = wrapper.framework; name = UserNotificationsUI.framework; path = System/Library/Frameworks/UserNotificationsUI.framework; sourceTree = SDKROOT; };
		7D63138F0F2EF36F32427B9C /* Pods-SmartTechExpoDemo-SmartechNCE.release.xcconfig */ = {isa = PBXFileReference; includeInIndex = 1; lastKnownFileType = text.xcconfig; name = "Pods-SmartTechExpoDemo-SmartechNCE.release.xcconfig"; path = "Target Support Files/Pods-SmartTechExpoDemo-SmartechNCE/Pods-SmartTechExpoDemo-SmartechNCE.release.xcconfig"; sourceTree = "<group>"; };
		80509693EF7CEA3726A58AF1 /* Pods-SmartTechExpoDemo.debug.xcconfig */ = {isa = PBXFileReference; includeInIndex = 1; lastKnownFileType = text.xcconfig; name = "Pods-SmartTechExpoDemo.debug.xcconfig"; path = "Target Support Files/Pods-SmartTechExpoDemo/Pods-SmartTechExpoDemo.debug.xcconfig"; sourceTree = "<group>"; };
		85A9D58233CD445C9B5B2049 /* NotificationService.h */ = {isa = PBXFileReference; explicitFileType = undefined; fileEncoding = 4; includeInIndex = 0; lastKnownFileType = sourcecode.c.h; path = NotificationService.h; sourceTree = "<group>"; };
		8B370F4E1C3F48EB8809AEB0 /* NotificationViewController.h */ = {isa = PBXFileReference; explicitFileType = undefined; fileEncoding = 4; includeInIndex = 0; lastKnownFileType = sourcecode.c.h; path = NotificationViewController.h; sourceTree = "<group>"; };
		8DACAFA0B3A04EDDB22A4746 /* SmartechNSE-Info.plist */ = {isa = PBXFileReference; explicitFileType = undefined; fileEncoding = 4; includeInIndex = 0; lastKnownFileType = text.plist.xml; path = "SmartechNSE-Info.plist"; sourceTree = "<group>"; };
		8F0497234BCF2CA3D389E62D /* Pods-SmartTechExpoDemo-SmartechNSE.debug.xcconfig */ = {isa = PBXFileReference; includeInIndex = 1; lastKnownFileType = text.xcconfig; name = "Pods-SmartTechExpoDemo-SmartechNSE.debug.xcconfig"; path = "Target Support Files/Pods-SmartTechExpoDemo-SmartechNSE/Pods-SmartTechExpoDemo-SmartechNSE.debug.xcconfig"; sourceTree = "<group>"; };
		AA286B85B6C04FC6940260E9 /* SplashScreen.storyboard */ = {isa = PBXFileReference; fileEncoding = 4; lastKnownFileType = file.storyboard; name = SplashScreen.storyboard; path = SmartTechExpoDemo/SplashScreen.storyboard; sourceTree = "<group>"; };
		AD932AB2129B29DAFFF25838 /* Pods-SmartTechExpoDemo.release.xcconfig */ = {isa = PBXFileReference; includeInIndex = 1; lastKnownFileType = text.xcconfig; name = "Pods-SmartTechExpoDemo.release.xcconfig"; path = "Target Support Files/Pods-SmartTechExpoDemo/Pods-SmartTechExpoDemo.release.xcconfig"; sourceTree = "<group>"; };
		B6BBBF8E1F6844AB97C59702 /* NotificationService.m */ = {isa = PBXFileReference; explicitFileType = undefined; fileEncoding = 4; includeInIndex = 0; lastKnownFileType = sourcecode.c.objc; path = NotificationService.m; sourceTree = "<group>"; };
		B9E5DD5F243FD3EBF02C6183 /* Pods-SmartTechExpoDemo-SmartechNCE.debug.xcconfig */ = {isa = PBXFileReference; includeInIndex = 1; lastKnownFileType = text.xcconfig; name = "Pods-SmartTechExpoDemo-SmartechNCE.debug.xcconfig"; path = "Target Support Files/Pods-SmartTechExpoDemo-SmartechNCE/Pods-SmartTechExpoDemo-SmartechNCE.debug.xcconfig"; sourceTree = "<group>"; };
		BB2F792C24A3F905000567C9 /* Expo.plist */ = {isa = PBXFileReference; fileEncoding = 4; lastKnownFileType = text.plist.xml; path = Expo.plist; sourceTree = "<group>"; };
		CC6C4AE3A28043178D7954E8 /* UserNotifications.framework */ = {isa = PBXFileReference; explicitFileType = undefined; fileEncoding = 9; includeInIndex = 0; lastKnownFileType = wrapper.framework; name = UserNotifications.framework; path = System/Library/Frameworks/UserNotifications.framework; sourceTree = SDKROOT; };
		D871A4642F68ADBA6FCC2419 /* Pods-SmartTechExpoDemo-SmartechNSE.release.xcconfig */ = {isa = PBXFileReference; includeInIndex = 1; lastKnownFileType = text.xcconfig; name = "Pods-SmartTechExpoDemo-SmartechNSE.release.xcconfig"; path = "Target Support Files/Pods-SmartTechExpoDemo-SmartechNSE/Pods-SmartTechExpoDemo-SmartechNSE.release.xcconfig"; sourceTree = "<group>"; };
		E6F6697DF6F547BA82339672 /* NotificationViewController.m */ = {isa = PBXFileReference; explicitFileType = undefined; fileEncoding = 4; includeInIndex = 0; lastKnownFileType = sourcecode.c.objc; path = NotificationViewController.m; sourceTree = "<group>"; };
		ED297162215061F000B7C4FE /* JavaScriptCore.framework */ = {isa = PBXFileReference; lastKnownFileType = wrapper.framework; name = JavaScriptCore.framework; path = System/Library/Frameworks/JavaScriptCore.framework; sourceTree = SDKROOT; };
		F15C440ABE0B280866E91B86 /* libPods-SmartTechExpoDemo-SmartechNCE.a */ = {isa = PBXFileReference; explicitFileType = archive.ar; includeInIndex = 0; path = "libPods-SmartTechExpoDemo-SmartechNCE.a"; sourceTree = BUILT_PRODUCTS_DIR; };
		F2EF0EEC0F5F40C48127DA74 /* SmartechNCE-Info.plist */ = {isa = PBXFileReference; explicitFileType = undefined; fileEncoding = 4; includeInIndex = 0; lastKnownFileType = text.plist.xml; path = "SmartechNCE-Info.plist"; sourceTree = "<group>"; };
		FA5E032510BE4197B0C29694 /* SmartechNCE.appex */ = {isa = PBXFileReference; explicitFileType = "wrapper.app-extension"; fileEncoding = 9; includeInIndex = 0; path = SmartechNCE.appex; sourceTree = BUILT_PRODUCTS_DIR; };
		FA9975B6F6D58CC3D7F465BA /* libPods-SmartTechExpoDemo.a */ = {isa = PBXFileReference; explicitFileType = archive.ar; includeInIndex = 0; path = "libPods-SmartTechExpoDemo.a"; sourceTree = BUILT_PRODUCTS_DIR; };
		FAC715A2D49A985799AEE119 /* ExpoModulesProvider.swift */ = {isa = PBXFileReference; includeInIndex = 1; lastKnownFileType = sourcecode.swift; name = ExpoModulesProvider.swift; path = "Pods/Target Support Files/Pods-SmartTechExpoDemo/ExpoModulesProvider.swift"; sourceTree = "<group>"; };
		FEB4FE3AF06945AA8C115022 /* SmartechNSE.entitlements */ = {isa = PBXFileReference; explicitFileType = undefined; fileEncoding = 9; includeInIndex = 0; lastKnownFileType = unknown; path = SmartechNSE.entitlements; sourceTree = "<group>"; };
/* End PBXFileReference section */

/* Begin PBXFrameworksBuildPhase section */
		13B07F8C1A680F5B00A75B9A /* Frameworks */ = {
			isa = PBXFrameworksBuildPhase;
			buildActionMask = 2147483647;
			files = (
				220CA6D2713D7AA204EC279F /* libPods-SmartTechExpoDemo.a in Frameworks */,
			);
			runOnlyForDeploymentPostprocessing = 0;
		};
		24DFF3B7650545BE945E8832 /* Frameworks */ = {
			isa = PBXFrameworksBuildPhase;
			buildActionMask = 2147483647;
			files = (
				C0B9154CA2AA46AF81F5D72F /* UserNotifications.framework in Frameworks */,
				018E3906697A465CACA02387 /* UserNotificationsUI.framework in Frameworks */,
				7A6D13D6FFDDE8C67E1F2CA2 /* libPods-SmartTechExpoDemo-SmartechNCE.a in Frameworks */,
			);
			runOnlyForDeploymentPostprocessing = 0;
		};
		BFF6B8F62F85457FAD7DA8ED /* Frameworks */ = {
			isa = PBXFrameworksBuildPhase;
			buildActionMask = 2147483647;
			files = (
				0D3C72C3AFB694638A5339E5 /* libPods-SmartTechExpoDemo-SmartechNSE.a in Frameworks */,
			);
			runOnlyForDeploymentPostprocessing = 0;
		};
/* End PBXFrameworksBuildPhase section */

/* Begin PBXGroup section */
		13B07FAE1A68108700A75B9A /* SmartTechExpoDemo */ = {
			isa = PBXGroup;
			children = (
				BB2F792B24A3F905000567C9 /* Supporting */,
				008F07F21AC5B25A0029DE68 /* main.jsbundle */,
				13B07FAF1A68108700A75B9A /* AppDelegate.h */,
				13B07FB01A68108700A75B9A /* AppDelegate.mm */,
				13B07FB51A68108700A75B9A /* Images.xcassets */,
				13B07FB61A68108700A75B9A /* Info.plist */,
				13B07FB71A68108700A75B9A /* main.m */,
				AA286B85B6C04FC6940260E9 /* SplashScreen.storyboard */,
				3C118834A0C240C88A526CBE /* noop-file.swift */,
			);
			name = SmartTechExpoDemo;
			sourceTree = "<group>";
		};
		2D16E6871FA4F8E400B85C8A /* Frameworks */ = {
			isa = PBXGroup;
			children = (
				ED297162215061F000B7C4FE /* JavaScriptCore.framework */,
				FA9975B6F6D58CC3D7F465BA /* libPods-SmartTechExpoDemo.a */,
				F15C440ABE0B280866E91B86 /* libPods-SmartTechExpoDemo-SmartechNCE.a */,
				2ED5D4E8CF4781EC910098C0 /* libPods-SmartTechExpoDemo-SmartechNSE.a */,
			);
			name = Frameworks;
			sourceTree = "<group>";
		};
		6D3E9865FA3548BB8FB82A7A /* SmartechNSE */ = {
			isa = PBXGroup;
			children = (
				85A9D58233CD445C9B5B2049 /* NotificationService.h */,
				FEB4FE3AF06945AA8C115022 /* SmartechNSE.entitlements */,
				8DACAFA0B3A04EDDB22A4746 /* SmartechNSE-Info.plist */,
				B6BBBF8E1F6844AB97C59702 /* NotificationService.m */,
			);
			path = SmartechNSE;
			sourceTree = "<group>";
		};
		78A31334B07793A03AE6062D /* SmartechNSE */ = {
			isa = PBXGroup;
			children = (
				5AB91651A1426AAD19A60E1F /* ExpoModulesProvider.swift */,
			);
			name = SmartechNSE;
			sourceTree = "<group>";
		};
		832341AE1AAA6A7D00B99B32 /* Libraries */ = {
			isa = PBXGroup;
			children = (
			);
			name = Libraries;
			sourceTree = "<group>";
		};
		83CBB9F61A601CBA00E9B192 = {
			isa = PBXGroup;
			children = (
				13B07FAE1A68108700A75B9A /* SmartTechExpoDemo */,
				832341AE1AAA6A7D00B99B32 /* Libraries */,
				83CBBA001A601CBA00E9B192 /* Products */,
				2D16E6871FA4F8E400B85C8A /* Frameworks */,
				D65327D7A22EEC0BE12398D9 /* Pods */,
				D7E4C46ADA2E9064B798F356 /* ExpoModulesProviders */,
				6D3E9865FA3548BB8FB82A7A /* SmartechNSE */,
				EC05237A17614E16A948AC76 /* SmartechNCE */,
				9D40D6962B3C2ED3000019F9 /* Recovered References */,
			);
			indentWidth = 2;
			sourceTree = "<group>";
			tabWidth = 2;
			usesTabs = 0;
		};
		83CBBA001A601CBA00E9B192 /* Products */ = {
			isa = PBXGroup;
			children = (
				13B07F961A680F5B00A75B9A /* SmartTechExpoDemo.app */,
				099C5D6DE9514E93B7D8377B /* SmartechNSE.appex */,
				FA5E032510BE4197B0C29694 /* SmartechNCE.appex */,
			);
			name = Products;
			sourceTree = "<group>";
		};
		87B1FE337EA2E7982B232C63 /* SmartechNCE */ = {
			isa = PBXGroup;
			children = (
				128F0CFF46C88AC61737D6D8 /* ExpoModulesProvider.swift */,
			);
			name = SmartechNCE;
			sourceTree = "<group>";
		};
		92DBD88DE9BF7D494EA9DA96 /* SmartTechExpoDemo */ = {
			isa = PBXGroup;
			children = (
				FAC715A2D49A985799AEE119 /* ExpoModulesProvider.swift */,
			);
			name = SmartTechExpoDemo;
			sourceTree = "<group>";
		};
		9D40D6962B3C2ED3000019F9 /* Recovered References */ = {
			isa = PBXGroup;
			children = (
				CC6C4AE3A28043178D7954E8 /* UserNotifications.framework */,
				5FEE6161A5DF4598BBCD647C /* UserNotificationsUI.framework */,
			);
			name = "Recovered References";
			sourceTree = "<group>";
		};
		BB2F792B24A3F905000567C9 /* Supporting */ = {
			isa = PBXGroup;
			children = (
				BB2F792C24A3F905000567C9 /* Expo.plist */,
			);
			name = Supporting;
			path = SmartTechExpoDemo/Supporting;
			sourceTree = "<group>";
		};
		D65327D7A22EEC0BE12398D9 /* Pods */ = {
			isa = PBXGroup;
			children = (
				80509693EF7CEA3726A58AF1 /* Pods-SmartTechExpoDemo.debug.xcconfig */,
				AD932AB2129B29DAFFF25838 /* Pods-SmartTechExpoDemo.release.xcconfig */,
				B9E5DD5F243FD3EBF02C6183 /* Pods-SmartTechExpoDemo-SmartechNCE.debug.xcconfig */,
				7D63138F0F2EF36F32427B9C /* Pods-SmartTechExpoDemo-SmartechNCE.release.xcconfig */,
				8F0497234BCF2CA3D389E62D /* Pods-SmartTechExpoDemo-SmartechNSE.debug.xcconfig */,
				D871A4642F68ADBA6FCC2419 /* Pods-SmartTechExpoDemo-SmartechNSE.release.xcconfig */,
			);
			path = Pods;
			sourceTree = "<group>";
		};
		D7E4C46ADA2E9064B798F356 /* ExpoModulesProviders */ = {
			isa = PBXGroup;
			children = (
				92DBD88DE9BF7D494EA9DA96 /* SmartTechExpoDemo */,
				87B1FE337EA2E7982B232C63 /* SmartechNCE */,
				78A31334B07793A03AE6062D /* SmartechNSE */,
			);
			name = ExpoModulesProviders;
			sourceTree = "<group>";
		};
		EC05237A17614E16A948AC76 /* SmartechNCE */ = {
			isa = PBXGroup;
			children = (
				8B370F4E1C3F48EB8809AEB0 /* NotificationViewController.h */,
				449A7DACDA9644EFA50B3E10 /* SmartechNCE.entitlements */,
				F2EF0EEC0F5F40C48127DA74 /* SmartechNCE-Info.plist */,
				3D7CAE802C29476E93BC868D /* MainInterface.storyboard */,
				E6F6697DF6F547BA82339672 /* NotificationViewController.m */,
			);
			path = SmartechNCE;
			sourceTree = "<group>";
		};
/* End PBXGroup section */

/* Begin PBXNativeTarget section */
		13B07F861A680F5B00A75B9A /* SmartTechExpoDemo */ = {
			isa = PBXNativeTarget;
			buildConfigurationList = 13B07F931A680F5B00A75B9A /* Build configuration list for PBXNativeTarget "SmartTechExpoDemo" */;
			buildPhases = (
				1C1F87B246F596A3E97FBA78 /* [CP] Check Pods Manifest.lock */,
				FD10A7F022414F080027D42C /* Start Packager */,
				FC35301521B74BB785A5CE2B /* Copy Files */,
				974B1A52832B37D54CAED5BA /* [Expo] Configure project */,
				13B07F871A680F5B00A75B9A /* Sources */,
				13B07F8C1A680F5B00A75B9A /* Frameworks */,
				13B07F8E1A680F5B00A75B9A /* Resources */,
				00DD1BFF1BD5951E006B06BC /* Bundle React Native code and images */,
				B3EC0548935644C314070D53 /* [CP] Embed Pods Frameworks */,
				951A5D82661C81438C591CD6 /* [CP] Copy Pods Resources */,
			);
			buildRules = (
			);
			dependencies = (
				717D1933BBF44455AD2A9C6A /* PBXTargetDependency */,
				F5659FD7C5AE4179BF66C763 /* PBXTargetDependency */,
			);
			name = SmartTechExpoDemo;
			productName = SmartTechExpoDemo;
			productReference = 13B07F961A680F5B00A75B9A /* SmartTechExpoDemo.app */;
			productType = "com.apple.product-type.application";
		};
		33FB446DD4A14456AC3A6D11 /* SmartechNCE */ = {
			isa = PBXNativeTarget;
			buildConfigurationList = 261C4A9CF88F4E4C81AC02A2 /* Build configuration list for PBXNativeTarget "SmartechNCE" */;
			buildPhases = (
				90162B7A848CF5BE6155647F /* [CP] Check Pods Manifest.lock */,
				CFABD69107B8479C1702491F /* [Expo] Configure project */,
				44931670D25E42B5A4C02726 /* Sources */,
				6DF8054BE05345DEB216CB43 /* Resources */,
				4064914E48334201AFCB9553 /* Resources */,
				24DFF3B7650545BE945E8832 /* Frameworks */,
				8D4076DABE6CBA0CE95097AD /* [CP] Copy Pods Resources */,
			);
			buildRules = (
			);
			dependencies = (
			);
			name = SmartechNCE;
			productName = SmartechNCE;
			productReference = FA5E032510BE4197B0C29694 /* SmartechNCE.appex */;
			productType = "com.apple.product-type.app-extension";
		};
		D6DD60BD01FE4D498D8F256C /* SmartechNSE */ = {
			isa = PBXNativeTarget;
			buildConfigurationList = 10696502BFF244F4B9B9B6A6 /* Build configuration list for PBXNativeTarget "SmartechNSE" */;
			buildPhases = (
				806773119BEE2CF30C5424D1 /* [CP] Check Pods Manifest.lock */,
				951AF9224148A8BAECCDCB9F /* [Expo] Configure project */,
				0D380A1A6C5743BDA3B72113 /* Sources */,
				C1A00184B89C48D5880D7417 /* Resources */,
				BFF6B8F62F85457FAD7DA8ED /* Frameworks */,
				7243109E1EB4258AC4B0A136 /* [CP] Copy Pods Resources */,
			);
			buildRules = (
			);
			dependencies = (
			);
			name = SmartechNSE;
			productName = SmartechNSE;
			productReference = 099C5D6DE9514E93B7D8377B /* SmartechNSE.appex */;
			productType = "com.apple.product-type.app-extension";
		};
/* End PBXNativeTarget section */

/* Begin PBXProject section */
		83CBB9F71A601CBA00E9B192 /* Project object */ = {
			isa = PBXProject;
			attributes = {
				LastUpgradeCheck = 1130;
				TargetAttributes = {
					13B07F861A680F5B00A75B9A = {
						LastSwiftMigration = 1250;
					};
				};
			};
			buildConfigurationList = 83CBB9FA1A601CBA00E9B192 /* Build configuration list for PBXProject "SmartTechExpoDemo" */;
			compatibilityVersion = "Xcode 3.2";
			developmentRegion = en;
			hasScannedForEncodings = 0;
			knownRegions = (
				en,
				Base,
			);
			mainGroup = 83CBB9F61A601CBA00E9B192;
			productRefGroup = 83CBBA001A601CBA00E9B192 /* Products */;
			projectDirPath = "";
			projectRoot = "";
			targets = (
				13B07F861A680F5B00A75B9A /* SmartTechExpoDemo */,
				D6DD60BD01FE4D498D8F256C /* SmartechNSE */,
				33FB446DD4A14456AC3A6D11 /* SmartechNCE */,
			);
		};
/* End PBXProject section */

/* Begin PBXResourcesBuildPhase section */
		13B07F8E1A680F5B00A75B9A /* Resources */ = {
			isa = PBXResourcesBuildPhase;
			buildActionMask = 2147483647;
			files = (
				BB2F792D24A3F905000567C9 /* Expo.plist in Resources */,
				13B07FBF1A68108700A75B9A /* Images.xcassets in Resources */,
				3E461D99554A48A4959DE609 /* SplashScreen.storyboard in Resources */,
			);
			runOnlyForDeploymentPostprocessing = 0;
		};
		4064914E48334201AFCB9553 /* Resources */ = {
			isa = PBXResourcesBuildPhase;
			buildActionMask = 2147483647;
			files = (
			);
			runOnlyForDeploymentPostprocessing = 0;
		};
		6DF8054BE05345DEB216CB43 /* Resources */ = {
			isa = PBXResourcesBuildPhase;
			buildActionMask = 2147483647;
			files = (
				C4D32C4A359E4C51BDC93D3B /* MainInterface.storyboard in Resources */,
			);
			runOnlyForDeploymentPostprocessing = 0;
		};
		C1A00184B89C48D5880D7417 /* Resources */ = {
			isa = PBXResourcesBuildPhase;
			buildActionMask = 2147483647;
			files = (
			);
			runOnlyForDeploymentPostprocessing = 0;
		};
/* End PBXResourcesBuildPhase section */

/* Begin PBXShellScriptBuildPhase section */
		00DD1BFF1BD5951E006B06BC /* Bundle React Native code and images */ = {
			isa = PBXShellScriptBuildPhase;
			buildActionMask = 2147483647;
			files = (
			);
			inputPaths = (
			);
			name = "Bundle React Native code and images";
			outputPaths = (
			);
			runOnlyForDeploymentPostprocessing = 0;
			shellPath = /bin/sh;
			shellScript = "if [[ -f \"$PODS_ROOT/../.xcode.env\" ]]; then\n  source \"$PODS_ROOT/../.xcode.env\"\nfi\nif [[ -f \"$PODS_ROOT/../.xcode.env.local\" ]]; then\n  source \"$PODS_ROOT/../.xcode.env.local\"\nfi\n\n# The project root by default is one level up from the ios directory\nexport PROJECT_ROOT=\"$PROJECT_DIR\"/..\n\nif [[ \"$CONFIGURATION\" = *Debug* ]]; then\n  export SKIP_BUNDLING=1\nfi\nif [[ -z \"$ENTRY_FILE\" ]]; then\n  # Set the entry JS file using the bundler's entry resolution.\n  export ENTRY_FILE=\"$(\"$NODE_BINARY\" -e \"require('expo/scripts/resolveAppEntry')\" $PROJECT_ROOT ios relative | tail -n 1)\"\nfi\n\n`\"$NODE_BINARY\" --print \"require('path').dirname(require.resolve('react-native/package.json')) + '/scripts/react-native-xcode.sh'\"`\n\n";
		};
		1C1F87B246F596A3E97FBA78 /* [CP] Check Pods Manifest.lock */ = {
			isa = PBXShellScriptBuildPhase;
			buildActionMask = 2147483647;
			files = (
			);
			inputFileListPaths = (
			);
			inputPaths = (
				"${PODS_PODFILE_DIR_PATH}/Podfile.lock",
				"${PODS_ROOT}/Manifest.lock",
			);
			name = "[CP] Check Pods Manifest.lock";
			outputFileListPaths = (
			);
			outputPaths = (
				"$(DERIVED_FILE_DIR)/Pods-SmartTechExpoDemo-checkManifestLockResult.txt",
			);
			runOnlyForDeploymentPostprocessing = 0;
			shellPath = /bin/sh;
			shellScript = "diff \"${PODS_PODFILE_DIR_PATH}/Podfile.lock\" \"${PODS_ROOT}/Manifest.lock\" > /dev/null\nif [ $? != 0 ] ; then\n    # print error to STDERR\n    echo \"error: The sandbox is not in sync with the Podfile.lock. Run 'pod install' or update your CocoaPods installation.\" >&2\n    exit 1\nfi\n# This output is used by Xcode 'outputs' to avoid re-running this script phase.\necho \"SUCCESS\" > \"${SCRIPT_OUTPUT_FILE_0}\"\n";
			showEnvVarsInLog = 0;
		};
		7243109E1EB4258AC4B0A136 /* [CP] Copy Pods Resources */ = {
			isa = PBXShellScriptBuildPhase;
			buildActionMask = 2147483647;
			files = (
			);
			inputPaths = (
				"${PODS_ROOT}/Target Support Files/Pods-SmartTechExpoDemo-SmartechNSE/Pods-SmartTechExpoDemo-SmartechNSE-resources.sh",
				"${PODS_ROOT}/BranchSDK/BranchSDK/PrivacyInfo.xcprivacy",
				"${PODS_CONFIGURATION_BUILD_DIR}/EXConstants/EXConstants.bundle",
				"${PODS_ROOT}/../../node_modules/react-native-vector-icons/Fonts/AntDesign.ttf",
				"${PODS_ROOT}/../../node_modules/react-native-vector-icons/Fonts/Entypo.ttf",
				"${PODS_ROOT}/../../node_modules/react-native-vector-icons/Fonts/EvilIcons.ttf",
				"${PODS_ROOT}/../../node_modules/react-native-vector-icons/Fonts/Feather.ttf",
				"${PODS_ROOT}/../../node_modules/react-native-vector-icons/Fonts/FontAwesome.ttf",
				"${PODS_ROOT}/../../node_modules/react-native-vector-icons/Fonts/FontAwesome5_Brands.ttf",
				"${PODS_ROOT}/../../node_modules/react-native-vector-icons/Fonts/FontAwesome5_Regular.ttf",
				"${PODS_ROOT}/../../node_modules/react-native-vector-icons/Fonts/FontAwesome5_Solid.ttf",
				"${PODS_ROOT}/../../node_modules/react-native-vector-icons/Fonts/FontAwesome6_Brands.ttf",
				"${PODS_ROOT}/../../node_modules/react-native-vector-icons/Fonts/FontAwesome6_Regular.ttf",
				"${PODS_ROOT}/../../node_modules/react-native-vector-icons/Fonts/FontAwesome6_Solid.ttf",
				"${PODS_ROOT}/../../node_modules/react-native-vector-icons/Fonts/Fontisto.ttf",
				"${PODS_ROOT}/../../node_modules/react-native-vector-icons/Fonts/Foundation.ttf",
				"${PODS_ROOT}/../../node_modules/react-native-vector-icons/Fonts/Ionicons.ttf",
				"${PODS_ROOT}/../../node_modules/react-native-vector-icons/Fonts/MaterialCommunityIcons.ttf",
				"${PODS_ROOT}/../../node_modules/react-native-vector-icons/Fonts/MaterialIcons.ttf",
				"${PODS_ROOT}/../../node_modules/react-native-vector-icons/Fonts/Octicons.ttf",
				"${PODS_ROOT}/../../node_modules/react-native-vector-icons/Fonts/SimpleLineIcons.ttf",
				"${PODS_ROOT}/../../node_modules/react-native-vector-icons/Fonts/Zocial.ttf",
				"${PODS_CONFIGURATION_BUILD_DIR}/React-Core/AccessibilityResources.bundle",
				"${PODS_CONFIGURATION_BUILD_DIR}/expo-dev-launcher/EXDevLauncher.bundle",
				"${PODS_CONFIGURATION_BUILD_DIR}/expo-dev-menu/EXDevMenu.bundle",
			);
			name = "[CP] Copy Pods Resources";
			outputPaths = (
				"${TARGET_BUILD_DIR}/${UNLOCALIZED_RESOURCES_FOLDER_PATH}/PrivacyInfo.xcprivacy",
				"${TARGET_BUILD_DIR}/${UNLOCALIZED_RESOURCES_FOLDER_PATH}/EXConstants.bundle",
				"${TARGET_BUILD_DIR}/${UNLOCALIZED_RESOURCES_FOLDER_PATH}/AntDesign.ttf",
				"${TARGET_BUILD_DIR}/${UNLOCALIZED_RESOURCES_FOLDER_PATH}/Entypo.ttf",
				"${TARGET_BUILD_DIR}/${UNLOCALIZED_RESOURCES_FOLDER_PATH}/EvilIcons.ttf",
				"${TARGET_BUILD_DIR}/${UNLOCALIZED_RESOURCES_FOLDER_PATH}/Feather.ttf",
				"${TARGET_BUILD_DIR}/${UNLOCALIZED_RESOURCES_FOLDER_PATH}/FontAwesome.ttf",
				"${TARGET_BUILD_DIR}/${UNLOCALIZED_RESOURCES_FOLDER_PATH}/FontAwesome5_Brands.ttf",
				"${TARGET_BUILD_DIR}/${UNLOCALIZED_RESOURCES_FOLDER_PATH}/FontAwesome5_Regular.ttf",
				"${TARGET_BUILD_DIR}/${UNLOCALIZED_RESOURCES_FOLDER_PATH}/FontAwesome5_Solid.ttf",
				"${TARGET_BUILD_DIR}/${UNLOCALIZED_RESOURCES_FOLDER_PATH}/FontAwesome6_Brands.ttf",
				"${TARGET_BUILD_DIR}/${UNLOCALIZED_RESOURCES_FOLDER_PATH}/FontAwesome6_Regular.ttf",
				"${TARGET_BUILD_DIR}/${UNLOCALIZED_RESOURCES_FOLDER_PATH}/FontAwesome6_Solid.ttf",
				"${TARGET_BUILD_DIR}/${UNLOCALIZED_RESOURCES_FOLDER_PATH}/Fontisto.ttf",
				"${TARGET_BUILD_DIR}/${UNLOCALIZED_RESOURCES_FOLDER_PATH}/Foundation.ttf",
				"${TARGET_BUILD_DIR}/${UNLOCALIZED_RESOURCES_FOLDER_PATH}/Ionicons.ttf",
				"${TARGET_BUILD_DIR}/${UNLOCALIZED_RESOURCES_FOLDER_PATH}/MaterialCommunityIcons.ttf",
				"${TARGET_BUILD_DIR}/${UNLOCALIZED_RESOURCES_FOLDER_PATH}/MaterialIcons.ttf",
				"${TARGET_BUILD_DIR}/${UNLOCALIZED_RESOURCES_FOLDER_PATH}/Octicons.ttf",
				"${TARGET_BUILD_DIR}/${UNLOCALIZED_RESOURCES_FOLDER_PATH}/SimpleLineIcons.ttf",
				"${TARGET_BUILD_DIR}/${UNLOCALIZED_RESOURCES_FOLDER_PATH}/Zocial.ttf",
				"${TARGET_BUILD_DIR}/${UNLOCALIZED_RESOURCES_FOLDER_PATH}/AccessibilityResources.bundle",
				"${TARGET_BUILD_DIR}/${UNLOCALIZED_RESOURCES_FOLDER_PATH}/EXDevLauncher.bundle",
				"${TARGET_BUILD_DIR}/${UNLOCALIZED_RESOURCES_FOLDER_PATH}/EXDevMenu.bundle",
			);
			runOnlyForDeploymentPostprocessing = 0;
			shellPath = /bin/sh;
			shellScript = "\"${PODS_ROOT}/Target Support Files/Pods-SmartTechExpoDemo-SmartechNSE/Pods-SmartTechExpoDemo-SmartechNSE-resources.sh\"\n";
			showEnvVarsInLog = 0;
		};
		806773119BEE2CF30C5424D1 /* [CP] Check Pods Manifest.lock */ = {
			isa = PBXShellScriptBuildPhase;
			buildActionMask = 2147483647;
			files = (
			);
			inputFileListPaths = (
			);
			inputPaths = (
				"${PODS_PODFILE_DIR_PATH}/Podfile.lock",
				"${PODS_ROOT}/Manifest.lock",
			);
			name = "[CP] Check Pods Manifest.lock";
			outputFileListPaths = (
			);
			outputPaths = (
				"$(DERIVED_FILE_DIR)/Pods-SmartTechExpoDemo-SmartechNSE-checkManifestLockResult.txt",
			);
			runOnlyForDeploymentPostprocessing = 0;
			shellPath = /bin/sh;
			shellScript = "diff \"${PODS_PODFILE_DIR_PATH}/Podfile.lock\" \"${PODS_ROOT}/Manifest.lock\" > /dev/null\nif [ $? != 0 ] ; then\n    # print error to STDERR\n    echo \"error: The sandbox is not in sync with the Podfile.lock. Run 'pod install' or update your CocoaPods installation.\" >&2\n    exit 1\nfi\n# This output is used by Xcode 'outputs' to avoid re-running this script phase.\necho \"SUCCESS\" > \"${SCRIPT_OUTPUT_FILE_0}\"\n";
			showEnvVarsInLog = 0;
		};
		8D4076DABE6CBA0CE95097AD /* [CP] Copy Pods Resources */ = {
			isa = PBXShellScriptBuildPhase;
			buildActionMask = 2147483647;
			files = (
			);
			inputPaths = (
				"${PODS_ROOT}/Target Support Files/Pods-SmartTechExpoDemo-SmartechNCE/Pods-SmartTechExpoDemo-SmartechNCE-resources.sh",
				"${PODS_ROOT}/BranchSDK/BranchSDK/PrivacyInfo.xcprivacy",
				"${PODS_CONFIGURATION_BUILD_DIR}/EXConstants/EXConstants.bundle",
				"${PODS_ROOT}/../../node_modules/react-native-vector-icons/Fonts/AntDesign.ttf",
				"${PODS_ROOT}/../../node_modules/react-native-vector-icons/Fonts/Entypo.ttf",
				"${PODS_ROOT}/../../node_modules/react-native-vector-icons/Fonts/EvilIcons.ttf",
				"${PODS_ROOT}/../../node_modules/react-native-vector-icons/Fonts/Feather.ttf",
				"${PODS_ROOT}/../../node_modules/react-native-vector-icons/Fonts/FontAwesome.ttf",
				"${PODS_ROOT}/../../node_modules/react-native-vector-icons/Fonts/FontAwesome5_Brands.ttf",
				"${PODS_ROOT}/../../node_modules/react-native-vector-icons/Fonts/FontAwesome5_Regular.ttf",
				"${PODS_ROOT}/../../node_modules/react-native-vector-icons/Fonts/FontAwesome5_Solid.ttf",
				"${PODS_ROOT}/../../node_modules/react-native-vector-icons/Fonts/FontAwesome6_Brands.ttf",
				"${PODS_ROOT}/../../node_modules/react-native-vector-icons/Fonts/FontAwesome6_Regular.ttf",
				"${PODS_ROOT}/../../node_modules/react-native-vector-icons/Fonts/FontAwesome6_Solid.ttf",
				"${PODS_ROOT}/../../node_modules/react-native-vector-icons/Fonts/Fontisto.ttf",
				"${PODS_ROOT}/../../node_modules/react-native-vector-icons/Fonts/Foundation.ttf",
				"${PODS_ROOT}/../../node_modules/react-native-vector-icons/Fonts/Ionicons.ttf",
				"${PODS_ROOT}/../../node_modules/react-native-vector-icons/Fonts/MaterialCommunityIcons.ttf",
				"${PODS_ROOT}/../../node_modules/react-native-vector-icons/Fonts/MaterialIcons.ttf",
				"${PODS_ROOT}/../../node_modules/react-native-vector-icons/Fonts/Octicons.ttf",
				"${PODS_ROOT}/../../node_modules/react-native-vector-icons/Fonts/SimpleLineIcons.ttf",
				"${PODS_ROOT}/../../node_modules/react-native-vector-icons/Fonts/Zocial.ttf",
				"${PODS_CONFIGURATION_BUILD_DIR}/React-Core/AccessibilityResources.bundle",
				"${PODS_CONFIGURATION_BUILD_DIR}/expo-dev-launcher/EXDevLauncher.bundle",
				"${PODS_CONFIGURATION_BUILD_DIR}/expo-dev-menu/EXDevMenu.bundle",
			);
			name = "[CP] Copy Pods Resources";
			outputPaths = (
				"${TARGET_BUILD_DIR}/${UNLOCALIZED_RESOURCES_FOLDER_PATH}/PrivacyInfo.xcprivacy",
				"${TARGET_BUILD_DIR}/${UNLOCALIZED_RESOURCES_FOLDER_PATH}/EXConstants.bundle",
				"${TARGET_BUILD_DIR}/${UNLOCALIZED_RESOURCES_FOLDER_PATH}/AntDesign.ttf",
				"${TARGET_BUILD_DIR}/${UNLOCALIZED_RESOURCES_FOLDER_PATH}/Entypo.ttf",
				"${TARGET_BUILD_DIR}/${UNLOCALIZED_RESOURCES_FOLDER_PATH}/EvilIcons.ttf",
				"${TARGET_BUILD_DIR}/${UNLOCALIZED_RESOURCES_FOLDER_PATH}/Feather.ttf",
				"${TARGET_BUILD_DIR}/${UNLOCALIZED_RESOURCES_FOLDER_PATH}/FontAwesome.ttf",
				"${TARGET_BUILD_DIR}/${UNLOCALIZED_RESOURCES_FOLDER_PATH}/FontAwesome5_Brands.ttf",
				"${TARGET_BUILD_DIR}/${UNLOCALIZED_RESOURCES_FOLDER_PATH}/FontAwesome5_Regular.ttf",
				"${TARGET_BUILD_DIR}/${UNLOCALIZED_RESOURCES_FOLDER_PATH}/FontAwesome5_Solid.ttf",
				"${TARGET_BUILD_DIR}/${UNLOCALIZED_RESOURCES_FOLDER_PATH}/FontAwesome6_Brands.ttf",
				"${TARGET_BUILD_DIR}/${UNLOCALIZED_RESOURCES_FOLDER_PATH}/FontAwesome6_Regular.ttf",
				"${TARGET_BUILD_DIR}/${UNLOCALIZED_RESOURCES_FOLDER_PATH}/FontAwesome6_Solid.ttf",
				"${TARGET_BUILD_DIR}/${UNLOCALIZED_RESOURCES_FOLDER_PATH}/Fontisto.ttf",
				"${TARGET_BUILD_DIR}/${UNLOCALIZED_RESOURCES_FOLDER_PATH}/Foundation.ttf",
				"${TARGET_BUILD_DIR}/${UNLOCALIZED_RESOURCES_FOLDER_PATH}/Ionicons.ttf",
				"${TARGET_BUILD_DIR}/${UNLOCALIZED_RESOURCES_FOLDER_PATH}/MaterialCommunityIcons.ttf",
				"${TARGET_BUILD_DIR}/${UNLOCALIZED_RESOURCES_FOLDER_PATH}/MaterialIcons.ttf",
				"${TARGET_BUILD_DIR}/${UNLOCALIZED_RESOURCES_FOLDER_PATH}/Octicons.ttf",
				"${TARGET_BUILD_DIR}/${UNLOCALIZED_RESOURCES_FOLDER_PATH}/SimpleLineIcons.ttf",
				"${TARGET_BUILD_DIR}/${UNLOCALIZED_RESOURCES_FOLDER_PATH}/Zocial.ttf",
				"${TARGET_BUILD_DIR}/${UNLOCALIZED_RESOURCES_FOLDER_PATH}/AccessibilityResources.bundle",
				"${TARGET_BUILD_DIR}/${UNLOCALIZED_RESOURCES_FOLDER_PATH}/EXDevLauncher.bundle",
				"${TARGET_BUILD_DIR}/${UNLOCALIZED_RESOURCES_FOLDER_PATH}/EXDevMenu.bundle",
			);
			runOnlyForDeploymentPostprocessing = 0;
			shellPath = /bin/sh;
			shellScript = "\"${PODS_ROOT}/Target Support Files/Pods-SmartTechExpoDemo-SmartechNCE/Pods-SmartTechExpoDemo-SmartechNCE-resources.sh\"\n";
			showEnvVarsInLog = 0;
		};
		90162B7A848CF5BE6155647F /* [CP] Check Pods Manifest.lock */ = {
			isa = PBXShellScriptBuildPhase;
			buildActionMask = 2147483647;
			files = (
			);
			inputFileListPaths = (
			);
			inputPaths = (
				"${PODS_PODFILE_DIR_PATH}/Podfile.lock",
				"${PODS_ROOT}/Manifest.lock",
			);
			name = "[CP] Check Pods Manifest.lock";
			outputFileListPaths = (
			);
			outputPaths = (
				"$(DERIVED_FILE_DIR)/Pods-SmartTechExpoDemo-SmartechNCE-checkManifestLockResult.txt",
			);
			runOnlyForDeploymentPostprocessing = 0;
			shellPath = /bin/sh;
			shellScript = "diff \"${PODS_PODFILE_DIR_PATH}/Podfile.lock\" \"${PODS_ROOT}/Manifest.lock\" > /dev/null\nif [ $? != 0 ] ; then\n    # print error to STDERR\n    echo \"error: The sandbox is not in sync with the Podfile.lock. Run 'pod install' or update your CocoaPods installation.\" >&2\n    exit 1\nfi\n# This output is used by Xcode 'outputs' to avoid re-running this script phase.\necho \"SUCCESS\" > \"${SCRIPT_OUTPUT_FILE_0}\"\n";
			showEnvVarsInLog = 0;
		};
		951A5D82661C81438C591CD6 /* [CP] Copy Pods Resources */ = {
			isa = PBXShellScriptBuildPhase;
			buildActionMask = 2147483647;
			files = (
			);
			inputPaths = (
				"${PODS_ROOT}/Target Support Files/Pods-SmartTechExpoDemo/Pods-SmartTechExpoDemo-resources.sh",
				"${PODS_ROOT}/BranchSDK/BranchSDK/PrivacyInfo.xcprivacy",
				"${PODS_CONFIGURATION_BUILD_DIR}/EXConstants/EXConstants.bundle",
				"${PODS_ROOT}/../../node_modules/react-native-vector-icons/Fonts/AntDesign.ttf",
				"${PODS_ROOT}/../../node_modules/react-native-vector-icons/Fonts/Entypo.ttf",
				"${PODS_ROOT}/../../node_modules/react-native-vector-icons/Fonts/EvilIcons.ttf",
				"${PODS_ROOT}/../../node_modules/react-native-vector-icons/Fonts/Feather.ttf",
				"${PODS_ROOT}/../../node_modules/react-native-vector-icons/Fonts/FontAwesome.ttf",
				"${PODS_ROOT}/../../node_modules/react-native-vector-icons/Fonts/FontAwesome5_Brands.ttf",
				"${PODS_ROOT}/../../node_modules/react-native-vector-icons/Fonts/FontAwesome5_Regular.ttf",
				"${PODS_ROOT}/../../node_modules/react-native-vector-icons/Fonts/FontAwesome5_Solid.ttf",
				"${PODS_ROOT}/../../node_modules/react-native-vector-icons/Fonts/FontAwesome6_Brands.ttf",
				"${PODS_ROOT}/../../node_modules/react-native-vector-icons/Fonts/FontAwesome6_Regular.ttf",
				"${PODS_ROOT}/../../node_modules/react-native-vector-icons/Fonts/FontAwesome6_Solid.ttf",
				"${PODS_ROOT}/../../node_modules/react-native-vector-icons/Fonts/Fontisto.ttf",
				"${PODS_ROOT}/../../node_modules/react-native-vector-icons/Fonts/Foundation.ttf",
				"${PODS_ROOT}/../../node_modules/react-native-vector-icons/Fonts/Ionicons.ttf",
				"${PODS_ROOT}/../../node_modules/react-native-vector-icons/Fonts/MaterialCommunityIcons.ttf",
				"${PODS_ROOT}/../../node_modules/react-native-vector-icons/Fonts/MaterialIcons.ttf",
				"${PODS_ROOT}/../../node_modules/react-native-vector-icons/Fonts/Octicons.ttf",
				"${PODS_ROOT}/../../node_modules/react-native-vector-icons/Fonts/SimpleLineIcons.ttf",
				"${PODS_ROOT}/../../node_modules/react-native-vector-icons/Fonts/Zocial.ttf",
				"${PODS_CONFIGURATION_BUILD_DIR}/React-Core/AccessibilityResources.bundle",
				"${PODS_CONFIGURATION_BUILD_DIR}/expo-dev-launcher/EXDevLauncher.bundle",
				"${PODS_CONFIGURATION_BUILD_DIR}/expo-dev-menu/EXDevMenu.bundle",
			);
			name = "[CP] Copy Pods Resources";
			outputPaths = (
				"${TARGET_BUILD_DIR}/${UNLOCALIZED_RESOURCES_FOLDER_PATH}/PrivacyInfo.xcprivacy",
				"${TARGET_BUILD_DIR}/${UNLOCALIZED_RESOURCES_FOLDER_PATH}/EXConstants.bundle",
				"${TARGET_BUILD_DIR}/${UNLOCALIZED_RESOURCES_FOLDER_PATH}/AntDesign.ttf",
				"${TARGET_BUILD_DIR}/${UNLOCALIZED_RESOURCES_FOLDER_PATH}/Entypo.ttf",
				"${TARGET_BUILD_DIR}/${UNLOCALIZED_RESOURCES_FOLDER_PATH}/EvilIcons.ttf",
				"${TARGET_BUILD_DIR}/${UNLOCALIZED_RESOURCES_FOLDER_PATH}/Feather.ttf",
				"${TARGET_BUILD_DIR}/${UNLOCALIZED_RESOURCES_FOLDER_PATH}/FontAwesome.ttf",
				"${TARGET_BUILD_DIR}/${UNLOCALIZED_RESOURCES_FOLDER_PATH}/FontAwesome5_Brands.ttf",
				"${TARGET_BUILD_DIR}/${UNLOCALIZED_RESOURCES_FOLDER_PATH}/FontAwesome5_Regular.ttf",
				"${TARGET_BUILD_DIR}/${UNLOCALIZED_RESOURCES_FOLDER_PATH}/FontAwesome5_Solid.ttf",
				"${TARGET_BUILD_DIR}/${UNLOCALIZED_RESOURCES_FOLDER_PATH}/FontAwesome6_Brands.ttf",
				"${TARGET_BUILD_DIR}/${UNLOCALIZED_RESOURCES_FOLDER_PATH}/FontAwesome6_Regular.ttf",
				"${TARGET_BUILD_DIR}/${UNLOCALIZED_RESOURCES_FOLDER_PATH}/FontAwesome6_Solid.ttf",
				"${TARGET_BUILD_DIR}/${UNLOCALIZED_RESOURCES_FOLDER_PATH}/Fontisto.ttf",
				"${TARGET_BUILD_DIR}/${UNLOCALIZED_RESOURCES_FOLDER_PATH}/Foundation.ttf",
				"${TARGET_BUILD_DIR}/${UNLOCALIZED_RESOURCES_FOLDER_PATH}/Ionicons.ttf",
				"${TARGET_BUILD_DIR}/${UNLOCALIZED_RESOURCES_FOLDER_PATH}/MaterialCommunityIcons.ttf",
				"${TARGET_BUILD_DIR}/${UNLOCALIZED_RESOURCES_FOLDER_PATH}/MaterialIcons.ttf",
				"${TARGET_BUILD_DIR}/${UNLOCALIZED_RESOURCES_FOLDER_PATH}/Octicons.ttf",
				"${TARGET_BUILD_DIR}/${UNLOCALIZED_RESOURCES_FOLDER_PATH}/SimpleLineIcons.ttf",
				"${TARGET_BUILD_DIR}/${UNLOCALIZED_RESOURCES_FOLDER_PATH}/Zocial.ttf",
				"${TARGET_BUILD_DIR}/${UNLOCALIZED_RESOURCES_FOLDER_PATH}/AccessibilityResources.bundle",
				"${TARGET_BUILD_DIR}/${UNLOCALIZED_RESOURCES_FOLDER_PATH}/EXDevLauncher.bundle",
				"${TARGET_BUILD_DIR}/${UNLOCALIZED_RESOURCES_FOLDER_PATH}/EXDevMenu.bundle",
			);
			runOnlyForDeploymentPostprocessing = 0;
			shellPath = /bin/sh;
			shellScript = "\"${PODS_ROOT}/Target Support Files/Pods-SmartTechExpoDemo/Pods-SmartTechExpoDemo-resources.sh\"\n";
			showEnvVarsInLog = 0;
		};
		951AF9224148A8BAECCDCB9F /* [Expo] Configure project */ = {
			isa = PBXShellScriptBuildPhase;
			alwaysOutOfDate = 1;
			buildActionMask = 2147483647;
			files = (
			);
			inputFileListPaths = (
			);
			inputPaths = (
			);
			name = "[Expo] Configure project";
			outputFileListPaths = (
			);
			outputPaths = (
			);
			runOnlyForDeploymentPostprocessing = 0;
			shellPath = /bin/sh;
			shellScript = "# This script configures Expo modules and generates the modules provider file.\nbash -l -c \"./Pods/Target\\ Support\\ Files/Pods-SmartTechExpoDemo-SmartechNSE/expo-configure-project.sh\"\n";
		};
		974B1A52832B37D54CAED5BA /* [Expo] Configure project */ = {
			isa = PBXShellScriptBuildPhase;
			alwaysOutOfDate = 1;
			buildActionMask = 2147483647;
			files = (
			);
			inputFileListPaths = (
			);
			inputPaths = (
			);
			name = "[Expo] Configure project";
			outputFileListPaths = (
			);
			outputPaths = (
			);
			runOnlyForDeploymentPostprocessing = 0;
			shellPath = /bin/sh;
			shellScript = "# This script configures Expo modules and generates the modules provider file.\nbash -l -c \"./Pods/Target\\ Support\\ Files/Pods-SmartTechExpoDemo/expo-configure-project.sh\"\n";
		};
		B3EC0548935644C314070D53 /* [CP] Embed Pods Frameworks */ = {
			isa = PBXShellScriptBuildPhase;
			buildActionMask = 2147483647;
			files = (
			);
			inputPaths = (
				"${PODS_ROOT}/Target Support Files/Pods-SmartTechExpoDemo/Pods-SmartTechExpoDemo-frameworks.sh",
				"${PODS_XCFRAMEWORKS_BUILD_DIR}/OneSignalXCFramework/OneSignal/OneSignalFramework.framework/OneSignalFramework",
				"${PODS_XCFRAMEWORKS_BUILD_DIR}/OneSignalXCFramework/OneSignalCore/OneSignalCore.framework/OneSignalCore",
				"${PODS_XCFRAMEWORKS_BUILD_DIR}/OneSignalXCFramework/OneSignalExtension/OneSignalExtension.framework/OneSignalExtension",
				"${PODS_XCFRAMEWORKS_BUILD_DIR}/OneSignalXCFramework/OneSignalInAppMessages/OneSignalInAppMessages.framework/OneSignalInAppMessages",
				"${PODS_XCFRAMEWORKS_BUILD_DIR}/OneSignalXCFramework/OneSignalLocation/OneSignalLocation.framework/OneSignalLocation",
				"${PODS_XCFRAMEWORKS_BUILD_DIR}/OneSignalXCFramework/OneSignalNotifications/OneSignalNotifications.framework/OneSignalNotifications",
				"${PODS_XCFRAMEWORKS_BUILD_DIR}/OneSignalXCFramework/OneSignalOSCore/OneSignalOSCore.framework/OneSignalOSCore",
				"${PODS_XCFRAMEWORKS_BUILD_DIR}/OneSignalXCFramework/OneSignalOutcomes/OneSignalOutcomes.framework/OneSignalOutcomes",
				"${PODS_XCFRAMEWORKS_BUILD_DIR}/OneSignalXCFramework/OneSignalUser/OneSignalUser.framework/OneSignalUser",
				"${PODS_XCFRAMEWORKS_BUILD_DIR}/SmartPush-iOS-SDK/SmartPush.framework/SmartPush",
				"${PODS_XCFRAMEWORKS_BUILD_DIR}/Smartech-iOS-SDK/Smartech.framework/Smartech",
				"${PODS_XCFRAMEWORKS_BUILD_DIR}/hermes-engine/Pre-built/hermes.framework/hermes",
			);
			name = "[CP] Embed Pods Frameworks";
			outputPaths = (
				"${TARGET_BUILD_DIR}/${FRAMEWORKS_FOLDER_PATH}/OneSignalFramework.framework",
				"${TARGET_BUILD_DIR}/${FRAMEWORKS_FOLDER_PATH}/OneSignalCore.framework",
				"${TARGET_BUILD_DIR}/${FRAMEWORKS_FOLDER_PATH}/OneSignalExtension.framework",
				"${TARGET_BUILD_DIR}/${FRAMEWORKS_FOLDER_PATH}/OneSignalInAppMessages.framework",
				"${TARGET_BUILD_DIR}/${FRAMEWORKS_FOLDER_PATH}/OneSignalLocation.framework",
				"${TARGET_BUILD_DIR}/${FRAMEWORKS_FOLDER_PATH}/OneSignalNotifications.framework",
				"${TARGET_BUILD_DIR}/${FRAMEWORKS_FOLDER_PATH}/OneSignalOSCore.framework",
				"${TARGET_BUILD_DIR}/${FRAMEWORKS_FOLDER_PATH}/OneSignalOutcomes.framework",
				"${TARGET_BUILD_DIR}/${FRAMEWORKS_FOLDER_PATH}/OneSignalUser.framework",
				"${TARGET_BUILD_DIR}/${FRAMEWORKS_FOLDER_PATH}/SmartPush.framework",
				"${TARGET_BUILD_DIR}/${FRAMEWORKS_FOLDER_PATH}/Smartech.framework",
				"${TARGET_BUILD_DIR}/${FRAMEWORKS_FOLDER_PATH}/hermes.framework",
			);
			runOnlyForDeploymentPostprocessing = 0;
			shellPath = /bin/sh;
			shellScript = "\"${PODS_ROOT}/Target Support Files/Pods-SmartTechExpoDemo/Pods-SmartTechExpoDemo-frameworks.sh\"\n";
			showEnvVarsInLog = 0;
		};
		CFABD69107B8479C1702491F /* [Expo] Configure project */ = {
			isa = PBXShellScriptBuildPhase;
			alwaysOutOfDate = 1;
			buildActionMask = 2147483647;
			files = (
			);
			inputFileListPaths = (
			);
			inputPaths = (
			);
			name = "[Expo] Configure project";
			outputFileListPaths = (
			);
			outputPaths = (
			);
			runOnlyForDeploymentPostprocessing = 0;
			shellPath = /bin/sh;
			shellScript = "# This script configures Expo modules and generates the modules provider file.\nbash -l -c \"./Pods/Target\\ Support\\ Files/Pods-SmartTechExpoDemo-SmartechNCE/expo-configure-project.sh\"\n";
		};
		FD10A7F022414F080027D42C /* Start Packager */ = {
			isa = PBXShellScriptBuildPhase;
			buildActionMask = 2147483647;
			files = (
			);
			inputFileListPaths = (
			);
			inputPaths = (
			);
			name = "Start Packager";
			outputFileListPaths = (
			);
			outputPaths = (
			);
			runOnlyForDeploymentPostprocessing = 0;
			shellPath = /bin/sh;
			shellScript = "if [[ -f \"$PODS_ROOT/../.xcode.env\" ]]; then\n  source \"$PODS_ROOT/../.xcode.env\"\nfi\nif [[ -f \"$PODS_ROOT/../.xcode.env.local\" ]]; then\n  source \"$PODS_ROOT/../.xcode.env.local\"\nfi\n\nexport RCT_METRO_PORT=\"${RCT_METRO_PORT:=8081}\"\necho \"export RCT_METRO_PORT=${RCT_METRO_PORT}\" > `$NODE_BINARY --print \"require('path').dirname(require.resolve('react-native/package.json')) + '/scripts/.packager.env'\"`\nif [ -z \"${RCT_NO_LAUNCH_PACKAGER+xxx}\" ] ; then\n  if nc -w 5 -z localhost ${RCT_METRO_PORT} ; then\n    if ! curl -s \"http://localhost:${RCT_METRO_PORT}/status\" | grep -q \"packager-status:running\" ; then\n      echo \"Port ${RCT_METRO_PORT} already in use, packager is either not running or not running correctly\"\n      exit 2\n    fi\n  else\n    open `$NODE_BINARY --print \"require('path').dirname(require.resolve('react-native/package.json')) + '/scripts/launchPackager.command'\"` || echo \"Can't start packager automatically\"\n  fi\nfi\n";
			showEnvVarsInLog = 0;
		};
/* End PBXShellScriptBuildPhase section */

/* Begin PBXSourcesBuildPhase section */
		0D380A1A6C5743BDA3B72113 /* Sources */ = {
			isa = PBXSourcesBuildPhase;
			buildActionMask = 2147483647;
			files = (
				A48F2111BB2F48AB89FED37D /* NotificationService.m in Sources */,
				062B4414896E8D61B254D219 /* ExpoModulesProvider.swift in Sources */,
			);
			runOnlyForDeploymentPostprocessing = 0;
		};
		13B07F871A680F5B00A75B9A /* Sources */ = {
			isa = PBXSourcesBuildPhase;
			buildActionMask = 2147483647;
			files = (
				13B07FBC1A68108700A75B9A /* AppDelegate.mm in Sources */,
				13B07FC11A68108700A75B9A /* main.m in Sources */,
				B18059E884C0ABDD17F3DC3D /* ExpoModulesProvider.swift in Sources */,
				07CAE1CD8EEE41E5AEE51783 /* noop-file.swift in Sources */,
			);
			runOnlyForDeploymentPostprocessing = 0;
		};
		44931670D25E42B5A4C02726 /* Sources */ = {
			isa = PBXSourcesBuildPhase;
			buildActionMask = 2147483647;
			files = (
				0D4D7578EC9147C7BCD4E598 /* NotificationViewController.m in Sources */,
				3B9B6E1DFAB955D03066D69C /* ExpoModulesProvider.swift in Sources */,
			);
			runOnlyForDeploymentPostprocessing = 0;
		};
/* End PBXSourcesBuildPhase section */

/* Begin PBXTargetDependency section */
		717D1933BBF44455AD2A9C6A /* PBXTargetDependency */ = {
			isa = PBXTargetDependency;
			target = D6DD60BD01FE4D498D8F256C /* SmartechNSE */;
			targetProxy = 6847DEC6BEAF4BD28BEB3110 /* PBXContainerItemProxy */;
		};
		F5659FD7C5AE4179BF66C763 /* PBXTargetDependency */ = {
			isa = PBXTargetDependency;
			target = 33FB446DD4A14456AC3A6D11 /* SmartechNCE */;
			targetProxy = 1EE8A88B23A749E3A3EE92A9 /* PBXContainerItemProxy */;
		};
/* End PBXTargetDependency section */

/* Begin XCBuildConfiguration section */
		13B07F941A680F5B00A75B9A /* Debug */ = {
			isa = XCBuildConfiguration;
			baseConfigurationReference = 80509693EF7CEA3726A58AF1 /* Pods-SmartTechExpoDemo.debug.xcconfig */;
			buildSettings = {
				ASSETCATALOG_COMPILER_APPICON_NAME = AppIcon;
				CLANG_ENABLE_MODULES = YES;
				CODE_SIGN_ENTITLEMENTS = SmartTechExpoDemo/SmartTechExpoDemo.entitlements;
				CODE_SIGN_STYLE = Manual;
				CURRENT_PROJECT_VERSION = 1;
				DEVELOPMENT_TEAM = "";
				"DEVELOPMENT_TEAM[sdk=iphoneos*]" = Y344Y7796A;
				ENABLE_BITCODE = NO;
				GCC_PREPROCESSOR_DEFINITIONS = (
					"$(inherited)",
					"FB_SONARKIT_ENABLED=1",
				);
				INFOPLIST_FILE = SmartTechExpoDemo/Info.plist;
				IPHONEOS_DEPLOYMENT_TARGET = 13.0;
				LD_RUNPATH_SEARCH_PATHS = (
					"$(inherited)",
					"@executable_path/Frameworks",
				);
				MARKETING_VERSION = 1.0;
				OTHER_LDFLAGS = (
					"$(inherited)",
					"-ObjC",
					"-lc++",
				);
				OTHER_SWIFT_FLAGS = "$(inherited) -D EXPO_CONFIGURATION_DEBUG";
				PRODUCT_BUNDLE_IDENTIFIER = com.netcore.SmartechApp;
				PRODUCT_NAME = SmartTechExpoDemo;
				PROVISIONING_PROFILE_SPECIFIER = "";
				"PROVISIONING_PROFILE_SPECIFIER[sdk=iphoneos*]" = Dev_Smartech_App;
				SWIFT_OPTIMIZATION_LEVEL = "-Onone";
				SWIFT_VERSION = 5.0;
				TARGETED_DEVICE_FAMILY = "1,2";
				VERSIONING_SYSTEM = "apple-generic";
			};
			name = Debug;
		};
		13B07F951A680F5B00A75B9A /* Release */ = {
			isa = XCBuildConfiguration;
			baseConfigurationReference = AD932AB2129B29DAFFF25838 /* Pods-SmartTechExpoDemo.release.xcconfig */;
			buildSettings = {
				ASSETCATALOG_COMPILER_APPICON_NAME = AppIcon;
				CLANG_ENABLE_MODULES = YES;
				CODE_SIGN_ENTITLEMENTS = SmartTechExpoDemo/SmartTechExpoDemo.entitlements;
				CODE_SIGN_STYLE = Manual;
				CURRENT_PROJECT_VERSION = 1;
				DEVELOPMENT_TEAM = "";
				"DEVELOPMENT_TEAM[sdk=iphoneos*]" = Y344Y7796A;
				INFOPLIST_FILE = SmartTechExpoDemo/Info.plist;
				IPHONEOS_DEPLOYMENT_TARGET = 13.0;
				LD_RUNPATH_SEARCH_PATHS = (
					"$(inherited)",
					"@executable_path/Frameworks",
				);
				MARKETING_VERSION = 1.0;
				OTHER_LDFLAGS = (
					"$(inherited)",
					"-ObjC",
					"-lc++",
				);
				OTHER_SWIFT_FLAGS = "$(inherited) -D EXPO_CONFIGURATION_RELEASE";
				PRODUCT_BUNDLE_IDENTIFIER = com.netcore.SmartechApp;
				PRODUCT_NAME = SmartTechExpoDemo;
				PROVISIONING_PROFILE_SPECIFIER = "";
				"PROVISIONING_PROFILE_SPECIFIER[sdk=iphoneos*]" = Dev_Smartech_App;
				SWIFT_VERSION = 5.0;
				TARGETED_DEVICE_FAMILY = "1,2";
				VERSIONING_SYSTEM = "apple-generic";
			};
			name = Release;
		};
		2FFD36BA24C942D19311B730 /* Release */ = {
			isa = XCBuildConfiguration;
			baseConfigurationReference = 7D63138F0F2EF36F32427B9C /* Pods-SmartTechExpoDemo-SmartechNCE.release.xcconfig */;
			buildSettings = {
				CODE_SIGN_ENTITLEMENTS = SmartechNCE/SmartechNCE.entitlements;
				CODE_SIGN_STYLE = Manual;
				DEVELOPMENT_TEAM = "";
				"DEVELOPMENT_TEAM[sdk=iphoneos*]" = Y344Y7796A;
				INFOPLIST_FILE = "SmartechNCE/SmartechNCE-Info.plist";
				IPHONEOS_DEPLOYMENT_TARGET = 13.0;
				LD_RUNPATH_SEARCH_PATHS = (
					"$(inherited)",
					"@executable_path/Frameworks",
					"@executable_path/../../Frameworks",
				);
				OTHER_SWIFT_FLAGS = "$(inherited) -D EXPO_CONFIGURATION_RELEASE";
				PRODUCT_BUNDLE_IDENTIFIER = com.netcore.SmartechApp.SmartechNCE;
				PRODUCT_NAME = SmartechNCE;
				PROVISIONING_PROFILE_SPECIFIER = "";
				"PROVISIONING_PROFILE_SPECIFIER[sdk=iphoneos*]" = Dev_Smartech_App_SmartechNCE;
				SKIP_INSTALL = YES;
				SWIFT_VERSION = 5.0;
				TARGETED_DEVICE_FAMILY = "1,2";
			};
			name = Release;
		};
		45FC6A0EF04444F0ADC6DC89 /* Debug */ = {
			isa = XCBuildConfiguration;
			baseConfigurationReference = 8F0497234BCF2CA3D389E62D /* Pods-SmartTechExpoDemo-SmartechNSE.debug.xcconfig */;
			buildSettings = {
				CODE_SIGN_ENTITLEMENTS = SmartechNSE/SmartechNSE.entitlements;
				CODE_SIGN_STYLE = Manual;
				DEVELOPMENT_TEAM = "";
				"DEVELOPMENT_TEAM[sdk=iphoneos*]" = Y344Y7796A;
				GCC_PREPROCESSOR_DEFINITIONS = (
					"DEBUG=1",
					"$(inherited)",
				);
				INFOPLIST_FILE = "SmartechNSE/SmartechNSE-Info.plist";
				IPHONEOS_DEPLOYMENT_TARGET = 13.0;
				LD_RUNPATH_SEARCH_PATHS = (
					"$(inherited)",
					"@executable_path/Frameworks",
					"@executable_path/../../Frameworks",
				);
				OTHER_SWIFT_FLAGS = "$(inherited) -D EXPO_CONFIGURATION_DEBUG";
				PRODUCT_BUNDLE_IDENTIFIER = com.netcore.SmartechApp.SmartechNSE;
				PRODUCT_NAME = SmartechNSE;
				PROVISIONING_PROFILE_SPECIFIER = "";
				"PROVISIONING_PROFILE_SPECIFIER[sdk=iphoneos*]" = Dev_Smartech_App_SmartechNSE;
				SKIP_INSTALL = YES;
				SWIFT_VERSION = 5.0;
				TARGETED_DEVICE_FAMILY = "1,2";
			};
			name = Debug;
		};
		83CBBA201A601CBA00E9B192 /* Debug */ = {
			isa = XCBuildConfiguration;
			buildSettings = {
				ALWAYS_SEARCH_USER_PATHS = NO;
				CLANG_ANALYZER_LOCALIZABILITY_NONLOCALIZED = YES;
				CLANG_CXX_LANGUAGE_STANDARD = "c++17";
				CLANG_CXX_LIBRARY = "libc++";
				CLANG_ENABLE_MODULES = YES;
				CLANG_ENABLE_OBJC_ARC = YES;
				CLANG_WARN_BLOCK_CAPTURE_AUTORELEASING = YES;
				CLANG_WARN_BOOL_CONVERSION = YES;
				CLANG_WARN_COMMA = YES;
				CLANG_WARN_CONSTANT_CONVERSION = YES;
				CLANG_WARN_DEPRECATED_OBJC_IMPLEMENTATIONS = YES;
				CLANG_WARN_DIRECT_OBJC_ISA_USAGE = YES_ERROR;
				CLANG_WARN_EMPTY_BODY = YES;
				CLANG_WARN_ENUM_CONVERSION = YES;
				CLANG_WARN_INFINITE_RECURSION = YES;
				CLANG_WARN_INT_CONVERSION = YES;
				CLANG_WARN_NON_LITERAL_NULL_CONVERSION = YES;
				CLANG_WARN_OBJC_IMPLICIT_RETAIN_SELF = YES;
				CLANG_WARN_OBJC_LITERAL_CONVERSION = YES;
				CLANG_WARN_OBJC_ROOT_CLASS = YES_ERROR;
				CLANG_WARN_RANGE_LOOP_ANALYSIS = YES;
				CLANG_WARN_STRICT_PROTOTYPES = YES;
				CLANG_WARN_SUSPICIOUS_MOVE = YES;
				CLANG_WARN_UNREACHABLE_CODE = YES;
				CLANG_WARN__DUPLICATE_METHOD_MATCH = YES;
				"CODE_SIGN_IDENTITY[sdk=iphoneos*]" = "iPhone Developer";
				COPY_PHASE_STRIP = NO;
				ENABLE_STRICT_OBJC_MSGSEND = YES;
				ENABLE_TESTABILITY = YES;
				"EXCLUDED_ARCHS[sdk=iphonesimulator*]" = i386;
				GCC_C_LANGUAGE_STANDARD = gnu99;
				GCC_DYNAMIC_NO_PIC = NO;
				GCC_NO_COMMON_BLOCKS = YES;
				GCC_OPTIMIZATION_LEVEL = 0;
				GCC_PREPROCESSOR_DEFINITIONS = (
					"DEBUG=1",
					"$(inherited)",
					_LIBCPP_ENABLE_CXX17_REMOVED_UNARY_BINARY_FUNCTION,
				);
				GCC_SYMBOLS_PRIVATE_EXTERN = NO;
				GCC_WARN_64_TO_32_BIT_CONVERSION = YES;
				GCC_WARN_ABOUT_RETURN_TYPE = YES_ERROR;
				GCC_WARN_UNDECLARED_SELECTOR = YES;
				GCC_WARN_UNINITIALIZED_AUTOS = YES_AGGRESSIVE;
				GCC_WARN_UNUSED_FUNCTION = YES;
				GCC_WARN_UNUSED_VARIABLE = YES;
				IPHONEOS_DEPLOYMENT_TARGET = 13.0;
				LD_RUNPATH_SEARCH_PATHS = (
					/usr/lib/swift,
					"$(inherited)",
				);
				LIBRARY_SEARCH_PATHS = "$(SDKROOT)/usr/lib/swift\"$(inherited)\"";
				MTL_ENABLE_DEBUG_INFO = YES;
				ONLY_ACTIVE_ARCH = YES;
				OTHER_CFLAGS = "$(inherited)";
				OTHER_CPLUSPLUSFLAGS = "$(inherited)";
				OTHER_LDFLAGS = (
					"$(inherited)",
					"-Wl",
					"-ld_classic",
					"-Wl",
					"-ld_classic",
					"-Wl",
					"-ld_classic",
					"-Wl -ld_classic ",
				);
				REACT_NATIVE_PATH = "${PODS_ROOT}/../../node_modules/react-native";
				SDKROOT = iphoneos;
			};
			name = Debug;
		};
		83CBBA211A601CBA00E9B192 /* Release */ = {
			isa = XCBuildConfiguration;
			buildSettings = {
				ALWAYS_SEARCH_USER_PATHS = NO;
				CLANG_ANALYZER_LOCALIZABILITY_NONLOCALIZED = YES;
				CLANG_CXX_LANGUAGE_STANDARD = "c++17";
				CLANG_CXX_LIBRARY = "libc++";
				CLANG_ENABLE_MODULES = YES;
				CLANG_ENABLE_OBJC_ARC = YES;
				CLANG_WARN_BLOCK_CAPTURE_AUTORELEASING = YES;
				CLANG_WARN_BOOL_CONVERSION = YES;
				CLANG_WARN_COMMA = YES;
				CLANG_WARN_CONSTANT_CONVERSION = YES;
				CLANG_WARN_DEPRECATED_OBJC_IMPLEMENTATIONS = YES;
				CLANG_WARN_DIRECT_OBJC_ISA_USAGE = YES_ERROR;
				CLANG_WARN_EMPTY_BODY = YES;
				CLANG_WARN_ENUM_CONVERSION = YES;
				CLANG_WARN_INFINITE_RECURSION = YES;
				CLANG_WARN_INT_CONVERSION = YES;
				CLANG_WARN_NON_LITERAL_NULL_CONVERSION = YES;
				CLANG_WARN_OBJC_IMPLICIT_RETAIN_SELF = YES;
				CLANG_WARN_OBJC_LITERAL_CONVERSION = YES;
				CLANG_WARN_OBJC_ROOT_CLASS = YES_ERROR;
				CLANG_WARN_RANGE_LOOP_ANALYSIS = YES;
				CLANG_WARN_STRICT_PROTOTYPES = YES;
				CLANG_WARN_SUSPICIOUS_MOVE = YES;
				CLANG_WARN_UNREACHABLE_CODE = YES;
				CLANG_WARN__DUPLICATE_METHOD_MATCH = YES;
				"CODE_SIGN_IDENTITY[sdk=iphoneos*]" = "iPhone Developer";
				COPY_PHASE_STRIP = YES;
				ENABLE_NS_ASSERTIONS = NO;
				ENABLE_STRICT_OBJC_MSGSEND = YES;
				"EXCLUDED_ARCHS[sdk=iphonesimulator*]" = i386;
				GCC_C_LANGUAGE_STANDARD = gnu99;
				GCC_NO_COMMON_BLOCKS = YES;
				GCC_PREPROCESSOR_DEFINITIONS = (
					"$(inherited)",
					_LIBCPP_ENABLE_CXX17_REMOVED_UNARY_BINARY_FUNCTION,
				);
				GCC_WARN_64_TO_32_BIT_CONVERSION = YES;
				GCC_WARN_ABOUT_RETURN_TYPE = YES_ERROR;
				GCC_WARN_UNDECLARED_SELECTOR = YES;
				GCC_WARN_UNINITIALIZED_AUTOS = YES_AGGRESSIVE;
				GCC_WARN_UNUSED_FUNCTION = YES;
				GCC_WARN_UNUSED_VARIABLE = YES;
				IPHONEOS_DEPLOYMENT_TARGET = 13.0;
				LD_RUNPATH_SEARCH_PATHS = (
					/usr/lib/swift,
					"$(inherited)",
				);
				LIBRARY_SEARCH_PATHS = "$(SDKROOT)/usr/lib/swift\"$(inherited)\"";
				MTL_ENABLE_DEBUG_INFO = NO;
				OTHER_CFLAGS = "$(inherited)";
				OTHER_CPLUSPLUSFLAGS = "$(inherited)";
				OTHER_LDFLAGS = (
					"$(inherited)",
					"-Wl",
					"-ld_classic",
					"-Wl",
					"-ld_classic",
					"-Wl",
					"-ld_classic",
					"-Wl -ld_classic ",
				);
				REACT_NATIVE_PATH = "${PODS_ROOT}/../../node_modules/react-native";
				SDKROOT = iphoneos;
				VALIDATE_PRODUCT = YES;
			};
			name = Release;
		};
		9F465F301E97469EA07A42E2 /* Debug */ = {
			isa = XCBuildConfiguration;
			baseConfigurationReference = B9E5DD5F243FD3EBF02C6183 /* Pods-SmartTechExpoDemo-SmartechNCE.debug.xcconfig */;
			buildSettings = {
				CODE_SIGN_ENTITLEMENTS = SmartechNCE/SmartechNCE.entitlements;
				CODE_SIGN_STYLE = Manual;
				DEVELOPMENT_TEAM = "";
				"DEVELOPMENT_TEAM[sdk=iphoneos*]" = Y344Y7796A;
				GCC_PREPROCESSOR_DEFINITIONS = (
					"DEBUG=1",
					"$(inherited)",
				);
				INFOPLIST_FILE = "SmartechNCE/SmartechNCE-Info.plist";
				IPHONEOS_DEPLOYMENT_TARGET = 13.0;
				LD_RUNPATH_SEARCH_PATHS = (
					"$(inherited)",
					"@executable_path/Frameworks",
					"@executable_path/../../Frameworks",
				);
				OTHER_SWIFT_FLAGS = "$(inherited) -D EXPO_CONFIGURATION_DEBUG";
				PRODUCT_BUNDLE_IDENTIFIER = com.netcore.SmartechApp.SmartechNCE;
				PRODUCT_NAME = SmartechNCE;
				PROVISIONING_PROFILE_SPECIFIER = "";
				"PROVISIONING_PROFILE_SPECIFIER[sdk=iphoneos*]" = Dev_Smartech_App_SmartechNCE;
				SKIP_INSTALL = YES;
				SWIFT_VERSION = 5.0;
				TARGETED_DEVICE_FAMILY = "1,2";
			};
			name = Debug;
		};
		C95DDD8B92D343F19D8E56FC /* Release */ = {
			isa = XCBuildConfiguration;
			baseConfigurationReference = D871A4642F68ADBA6FCC2419 /* Pods-SmartTechExpoDemo-SmartechNSE.release.xcconfig */;
			buildSettings = {
				CODE_SIGN_ENTITLEMENTS = SmartechNSE/SmartechNSE.entitlements;
				CODE_SIGN_STYLE = Manual;
				DEVELOPMENT_TEAM = "";
				"DEVELOPMENT_TEAM[sdk=iphoneos*]" = Y344Y7796A;
				INFOPLIST_FILE = "SmartechNSE/SmartechNSE-Info.plist";
				IPHONEOS_DEPLOYMENT_TARGET = 13.0;
				LD_RUNPATH_SEARCH_PATHS = (
					"$(inherited)",
					"@executable_path/Frameworks",
					"@executable_path/../../Frameworks",
				);
				OTHER_SWIFT_FLAGS = "$(inherited) -D EXPO_CONFIGURATION_RELEASE";
				PRODUCT_BUNDLE_IDENTIFIER = com.netcore.SmartechApp.SmartechNSE;
				PRODUCT_NAME = SmartechNSE;
				PROVISIONING_PROFILE_SPECIFIER = "";
				"PROVISIONING_PROFILE_SPECIFIER[sdk=iphoneos*]" = Dev_Smartech_App_SmartechNSE;
				SKIP_INSTALL = YES;
				SWIFT_VERSION = 5.0;
				TARGETED_DEVICE_FAMILY = "1,2";
			};
			name = Release;
		};
/* End XCBuildConfiguration section */

/* Begin XCConfigurationList section */
		10696502BFF244F4B9B9B6A6 /* Build configuration list for PBXNativeTarget "SmartechNSE" */ = {
			isa = XCConfigurationList;
			buildConfigurations = (
				45FC6A0EF04444F0ADC6DC89 /* Debug */,
				C95DDD8B92D343F19D8E56FC /* Release */,
			);
			defaultConfigurationIsVisible = 0;
			defaultConfigurationName = Release;
		};
		13B07F931A680F5B00A75B9A /* Build configuration list for PBXNativeTarget "SmartTechExpoDemo" */ = {
			isa = XCConfigurationList;
			buildConfigurations = (
				13B07F941A680F5B00A75B9A /* Debug */,
				13B07F951A680F5B00A75B9A /* Release */,
			);
			defaultConfigurationIsVisible = 0;
			defaultConfigurationName = Release;
		};
		261C4A9CF88F4E4C81AC02A2 /* Build configuration list for PBXNativeTarget "SmartechNCE" */ = {
			isa = XCConfigurationList;
			buildConfigurations = (
				9F465F301E97469EA07A42E2 /* Debug */,
				2FFD36BA24C942D19311B730 /* Release */,
			);
			defaultConfigurationIsVisible = 0;
			defaultConfigurationName = Release;
		};
		83CBB9FA1A601CBA00E9B192 /* Build configuration list for PBXProject "SmartTechExpoDemo" */ = {
			isa = XCConfigurationList;
			buildConfigurations = (
				83CBBA201A601CBA00E9B192 /* Debug */,
				83CBBA211A601CBA00E9B192 /* Release */,
			);
			defaultConfigurationIsVisible = 0;
			defaultConfigurationName = Release;
		};
/* End XCConfigurationList section */
	};
	rootObject = 83CBB9F71A601CBA00E9B192 /* Project object */;
}
